Microsoft Visual Studio Solution File, Format Version 12.00
# Visual Studio Version 17
VisualStudioVersion = 17.5.2.0
MinimumVisualStudioVersion = 10.0.40219.1
Project("{FAE04EC0-301F-11D3-BF4B-00C04F79EFBC}") = "Chatty.BE.Domain", "Chatty.BE.Domain.csproj", "{B57C5904-F7AC-5065-1B48-C30DB3D7C485}"
EndProject
Global
	GlobalSection(SolutionConfigurationPlatforms) = preSolution
		Debug|Any CPU = Debug|Any CPU
		Release|Any CPU = Release|Any CPU
	EndGlobalSection
	GlobalSection(ProjectConfigurationPlatforms) = postSolution
		{B57C5904-F7AC-5065-1B48-C30DB3D7C485}.Debug|Any CPU.ActiveCfg = Debug|Any CPU
		{B57C5904-F7AC-5065-1B48-C30DB3D7C485}.Debug|Any CPU.Build.0 = Debug|Any CPU
		{B57C5904-F7AC-5065-1B48-C30DB3D7C485}.Release|Any CPU.ActiveCfg = Release|Any CPU
		{B57C5904-F7AC-5065-1B48-C30DB3D7C485}.Release|Any CPU.Build.0 = Release|Any CPU
	EndGlobalSection
	GlobalSection(SolutionProperties) = preSolution
		HideSolutionNode = FALSE
	EndGlobalSection
	GlobalSection(ExtensibilityGlobals) = postSolution
		SolutionGuid = {C3436486-9B61-46F3-86F7-24CB790DC3C7}
	EndGlobalSection
EndGlobal
